// !$*UTF8*$!
{
	archiveVersion = 1;
	classes = {
	};
	objectVersion = 56;
	objects = {

/* Begin PBXBuildFile section */
		530D4B0F2983D4A500A69FD7 /* WallpaperDetailsViewController.swift in Sources */ = {isa = PBXBuildFile; fileRef = 530D4B0E2983D4A500A69FD7 /* WallpaperDetailsViewController.swift */; };
		531ECBC429FFDB05004133D2 /* ApiManager.swift in Sources */ = {isa = PBXBuildFile; fileRef = 531ECBC329FFDB05004133D2 /* ApiManager.swift */; };
		531ECBC629FFDEBC004133D2 /* PhotoModel.swift in Sources */ = {isa = PBXBuildFile; fileRef = 531ECBC529FFDEBC004133D2 /* PhotoModel.swift */; };
		5357C3832983F4250090FA44 /* Constants.swift in Sources */ = {isa = PBXBuildFile; fileRef = 5357C3822983F4250090FA44 /* Constants.swift */; };
		5357C386298411170090FA44 /* Extentions.swift in Sources */ = {isa = PBXBuildFile; fileRef = 5357C385298411170090FA44 /* Extentions.swift */; };
		5383C6C32A05572F0002AF76 /* CategoryViewController.swift in Sources */ = {isa = PBXBuildFile; fileRef = 5383C6C22A05572F0002AF76 /* CategoryViewController.swift */; };
		53A139B6298158FA00176AAE /* AppDelegate.swift in Sources */ = {isa = PBXBuildFile; fileRef = 53A139B5298158FA00176AAE /* AppDelegate.swift */; };
		53A139B8298158FA00176AAE /* SceneDelegate.swift in Sources */ = {isa = PBXBuildFile; fileRef = 53A139B7298158FA00176AAE /* SceneDelegate.swift */; };
		53A139BA298158FA00176AAE /* MainViewController.swift in Sources */ = {isa = PBXBuildFile; fileRef = 53A139B9298158FA00176AAE /* MainViewController.swift */; };
		53A139BF298158FB00176AAE /* Assets.xcassets in Resources */ = {isa = PBXBuildFile; fileRef = 53A139BE298158FB00176AAE /* Assets.xcassets */; };
		53A139C2298158FB00176AAE /* LaunchScreen.storyboard in Resources */ = {isa = PBXBuildFile; fileRef = 53A139C0298158FB00176AAE /* LaunchScreen.storyboard */; };
		53B5096D298171F10059559E /* IQKeyboardManagerSwift in Frameworks */ = {isa = PBXBuildFile; productRef = 53B5096C298171F10059559E /* IQKeyboardManagerSwift */; };
		53B50971298175030059559E /* Post.swift in Sources */ = {isa = PBXBuildFile; fileRef = 53B50970298175030059559E /* Post.swift */; };
		53B50973298175C50059559E /* Api.swift in Sources */ = {isa = PBXBuildFile; fileRef = 53B50972298175C50059559E /* Api.swift */; };
		53B5097629817BA30059559E /* Alamofire in Frameworks */ = {isa = PBXBuildFile; productRef = 53B5097529817BA30059559E /* Alamofire */; };
		53B5097B298189090059559E /* ImageCell.swift in Sources */ = {isa = PBXBuildFile; fileRef = 53B50979298189090059559E /* ImageCell.swift */; };
		53B5097C298189090059559E /* ImageCell.xib in Resources */ = {isa = PBXBuildFile; fileRef = 53B5097A298189090059559E /* ImageCell.xib */; };
		53B5097F29818D0F0059559E /* Kingfisher in Frameworks */ = {isa = PBXBuildFile; productRef = 53B5097E29818D0F0059559E /* Kingfisher */; };
		53D163412A003A7400CF530A /* SearchModel.swift in Sources */ = {isa = PBXBuildFile; fileRef = 53D163402A003A7400CF530A /* SearchModel.swift */; };
		53D163432A004FE800CF530A /* CollectionsViewController.swift in Sources */ = {isa = PBXBuildFile; fileRef = 53D163422A004FE800CF530A /* CollectionsViewController.swift */; };
		53D1634A2A01A24000CF530A /* CategoryCell.swift in Sources */ = {isa = PBXBuildFile; fileRef = 53D163482A01A24000CF530A /* CategoryCell.swift */; };
		53D1634B2A01A24000CF530A /* CategoryCell.xib in Resources */ = {isa = PBXBuildFile; fileRef = 53D163492A01A24000CF530A /* CategoryCell.xib */; };
		53D1634D2A01A8AA00CF530A /* CategoryModel.swift in Sources */ = {isa = PBXBuildFile; fileRef = 53D1634C2A01A8AA00CF530A /* CategoryModel.swift */; };
		53F16E752A00303900BA2987 /* SearchViewController.swift in Sources */ = {isa = PBXBuildFile; fileRef = 53F16E742A00303900BA2987 /* SearchViewController.swift */; };
		53F16E762A00330400BA2987 /* Main.storyboard in Resources */ = {isa = PBXBuildFile; fileRef = 53A139BB298158FA00176AAE /* Main.storyboard */; };
		53F432282A09741C0001063C /* FavoritesViewController.swift in Sources */ = {isa = PBXBuildFile; fileRef = 53F432272A09741C0001063C /* FavoritesViewController.swift */; };
/* End PBXBuildFile section */

/* Begin PBXFileReference section */
		530D4B0E2983D4A500A69FD7 /* WallpaperDetailsViewController.swift */ = {isa = PBXFileReference; lastKnownFileType = sourcecode.swift; path = WallpaperDetailsViewController.swift; sourceTree = "<group>"; };
		531ECBC329FFDB05004133D2 /* ApiManager.swift */ = {isa = PBXFileReference; lastKnownFileType = sourcecode.swift; path = ApiManager.swift; sourceTree = "<group>"; };
		531ECBC529FFDEBC004133D2 /* PhotoModel.swift */ = {isa = PBXFileReference; lastKnownFileType = sourcecode.swift; path = PhotoModel.swift; sourceTree = "<group>"; };
		5357C3822983F4250090FA44 /* Constants.swift */ = {isa = PBXFileReference; lastKnownFileType = sourcecode.swift; path = Constants.swift; sourceTree = "<group>"; };
		5357C385298411170090FA44 /* Extentions.swift */ = {isa = PBXFileReference; lastKnownFileType = sourcecode.swift; path = Extentions.swift; sourceTree = "<group>"; };
		5383C6C22A05572F0002AF76 /* CategoryViewController.swift */ = {isa = PBXFileReference; lastKnownFileType = sourcecode.swift; path = CategoryViewController.swift; sourceTree = "<group>"; };
		53A139B2298158FA00176AAE /* Photosphere.app */ = {isa = PBXFileReference; explicitFileType = wrapper.application; includeInIndex = 0; path = Photosphere.app; sourceTree = BUILT_PRODUCTS_DIR; };
		53A139B5298158FA00176AAE /* AppDelegate.swift */ = {isa = PBXFileReference; lastKnownFileType = sourcecode.swift; path = AppDelegate.swift; sourceTree = "<group>"; };
		53A139B7298158FA00176AAE /* SceneDelegate.swift */ = {isa = PBXFileReference; lastKnownFileType = sourcecode.swift; path = SceneDelegate.swift; sourceTree = "<group>"; };
		53A139B9298158FA00176AAE /* MainViewController.swift */ = {isa = PBXFileReference; lastKnownFileType = sourcecode.swift; path = MainViewController.swift; sourceTree = "<group>"; };
		53A139BC298158FA00176AAE /* Base */ = {isa = PBXFileReference; lastKnownFileType = file.storyboard; name = Base; path = Base.lproj/Main.storyboard; sourceTree = "<group>"; };
		53A139BE298158FB00176AAE /* Assets.xcassets */ = {isa = PBXFileReference; lastKnownFileType = folder.assetcatalog; path = Assets.xcassets; sourceTree = "<group>"; };
		53A139C1298158FB00176AAE /* Base */ = {isa = PBXFileReference; lastKnownFileType = file.storyboard; name = Base; path = Base.lproj/LaunchScreen.storyboard; sourceTree = "<group>"; };
		53A139C3298158FB00176AAE /* Info.plist */ = {isa = PBXFileReference; lastKnownFileType = text.plist.xml; path = Info.plist; sourceTree = "<group>"; };
		53B50970298175030059559E /* Post.swift */ = {isa = PBXFileReference; lastKnownFileType = sourcecode.swift; path = Post.swift; sourceTree = "<group>"; };
		53B50972298175C50059559E /* Api.swift */ = {isa = PBXFileReference; lastKnownFileType = sourcecode.swift; path = Api.swift; sourceTree = "<group>"; };
		53B50979298189090059559E /* ImageCell.swift */ = {isa = PBXFileReference; lastKnownFileType = sourcecode.swift; path = ImageCell.swift; sourceTree = "<group>"; };
		53B5097A298189090059559E /* ImageCell.xib */ = {isa = PBXFileReference; lastKnownFileType = file.xib; path = ImageCell.xib; sourceTree = "<group>"; };
		53D163402A003A7400CF530A /* SearchModel.swift */ = {isa = PBXFileReference; lastKnownFileType = sourcecode.swift; path = SearchModel.swift; sourceTree = "<group>"; };
		53D163422A004FE800CF530A /* CollectionsViewController.swift */ = {isa = PBXFileReference; lastKnownFileType = sourcecode.swift; path = CollectionsViewController.swift; sourceTree = "<group>"; };
		53D163482A01A24000CF530A /* CategoryCell.swift */ = {isa = PBXFileReference; lastKnownFileType = sourcecode.swift; path = CategoryCell.swift; sourceTree = "<group>"; };
		53D163492A01A24000CF530A /* CategoryCell.xib */ = {isa = PBXFileReference; lastKnownFileType = file.xib; path = CategoryCell.xib; sourceTree = "<group>"; };
		53D1634C2A01A8AA00CF530A /* CategoryModel.swift */ = {isa = PBXFileReference; lastKnownFileType = sourcecode.swift; path = CategoryModel.swift; sourceTree = "<group>"; };
		53F16E742A00303900BA2987 /* SearchViewController.swift */ = {isa = PBXFileReference; lastKnownFileType = sourcecode.swift; path = SearchViewController.swift; sourceTree = "<group>"; };
		53F432272A09741C0001063C /* FavoritesViewController.swift */ = {isa = PBXFileReference; lastKnownFileType = sourcecode.swift; path = FavoritesViewController.swift; sourceTree = "<group>"; };
/* End PBXFileReference section */

/* Begin PBXFrameworksBuildPhase section */
		53A139AF298158FA00176AAE /* Frameworks */ = {
			isa = PBXFrameworksBuildPhase;
			buildActionMask = 2147483647;
			files = (
				53B5097F29818D0F0059559E /* Kingfisher in Frameworks */,
				53B5096D298171F10059559E /* IQKeyboardManagerSwift in Frameworks */,
				53B5097629817BA30059559E /* Alamofire in Frameworks */,
			);
			runOnlyForDeploymentPostprocessing = 0;
		};
/* End PBXFrameworksBuildPhase section */

/* Begin PBXGroup section */
		5357C384298410F90090FA44 /* utils */ = {
			isa = PBXGroup;
			children = (
				5357C3822983F4250090FA44 /* Constants.swift */,
				5357C385298411170090FA44 /* Extentions.swift */,
			);
			path = utils;
			sourceTree = "<group>";
		};
		53A139A9298158FA00176AAE = {
			isa = PBXGroup;
			children = (
				53A139B4298158FA00176AAE /* Photosphere */,
				53A139B3298158FA00176AAE /* Products */,
				66E6060145096F1F7970FF55 /* Pods */,
			);
			sourceTree = "<group>";
		};
		53A139B3298158FA00176AAE /* Products */ = {
			isa = PBXGroup;
			children = (
				53A139B2298158FA00176AAE /* Photosphere.app */,
			);
			name = Products;
			sourceTree = "<group>";
		};
		53A139B4298158FA00176AAE /* Photosphere */ = {
			isa = PBXGroup;
			children = (
				53A139B5298158FA00176AAE /* AppDelegate.swift */,
				53A139B7298158FA00176AAE /* SceneDelegate.swift */,
				53B5096F298174ED0059559E /* Models */,
				53B5096A29816B8C0059559E /* controller */,
				53A139C92981593200176AAE /* view */,
				53A139BE298158FB00176AAE /* Assets.xcassets */,
				53A139C0298158FB00176AAE /* LaunchScreen.storyboard */,
				53A139C3298158FB00176AAE /* Info.plist */,
				5357C384298410F90090FA44 /* utils */,
			);
			path = Photosphere;
			sourceTree = "<group>";
		};
		53A139C92981593200176AAE /* view */ = {
			isa = PBXGroup;
			children = (
				53A139BB298158FA00176AAE /* Main.storyboard */,
				53B5097A298189090059559E /* ImageCell.xib */,
				53D163492A01A24000CF530A /* CategoryCell.xib */,
			);
			path = view;
			sourceTree = "<group>";
		};
		53B5096A29816B8C0059559E /* controller */ = {
			isa = PBXGroup;
			children = (
				53A139B9298158FA00176AAE /* MainViewController.swift */,
				53B50979298189090059559E /* ImageCell.swift */,
				530D4B0E2983D4A500A69FD7 /* WallpaperDetailsViewController.swift */,
				53F16E742A00303900BA2987 /* SearchViewController.swift */,
				53D163422A004FE800CF530A /* CollectionsViewController.swift */,
				53D163482A01A24000CF530A /* CategoryCell.swift */,
				5383C6C22A05572F0002AF76 /* CategoryViewController.swift */,
				53F432272A09741C0001063C /* FavoritesViewController.swift */,
			);
			path = controller;
			sourceTree = "<group>";
		};
		53B5096F298174ED0059559E /* Models */ = {
			isa = PBXGroup;
			children = (
				53B50970298175030059559E /* Post.swift */,
				53B50972298175C50059559E /* Api.swift */,
				531ECBC329FFDB05004133D2 /* ApiManager.swift */,
				531ECBC529FFDEBC004133D2 /* PhotoModel.swift */,
				53D163402A003A7400CF530A /* SearchModel.swift */,
				53D1634C2A01A8AA00CF530A /* CategoryModel.swift */,
			);
			path = Models;
			sourceTree = "<group>";
		};
		66E6060145096F1F7970FF55 /* Pods */ = {
			isa = PBXGroup;
			children = (
			);
			path = Pods;
			sourceTree = "<group>";
		};
/* End PBXGroup section */

/* Begin PBXNativeTarget section */
		53A139B1298158FA00176AAE /* Photosphere */ = {
			isa = PBXNativeTarget;
			buildConfigurationList = 53A139C6298158FB00176AAE /* Build configuration list for PBXNativeTarget "Photosphere" */;
			buildPhases = (
				53A139AE298158FA00176AAE /* Sources */,
				53A139AF298158FA00176AAE /* Frameworks */,
				53A139B0298158FA00176AAE /* Resources */,
			);
			buildRules = (
			);
			dependencies = (
			);
			name = Photosphere;
			packageProductDependencies = (
				53B5096C298171F10059559E /* IQKeyboardManagerSwift */,
				53B5097529817BA30059559E /* Alamofire */,
				53B5097E29818D0F0059559E /* Kingfisher */,
			);
			productName = Photosphere;
			productReference = 53A139B2298158FA00176AAE /* Photosphere.app */;
			productType = "com.apple.product-type.application";
		};
/* End PBXNativeTarget section */

/* Begin PBXProject section */
		53A139AA298158FA00176AAE /* Project object */ = {
			isa = PBXProject;
			attributes = {
				BuildIndependentTargetsInParallel = 1;
				LastSwiftUpdateCheck = 1420;
				LastUpgradeCheck = 1420;
				TargetAttributes = {
					53A139B1298158FA00176AAE = {
						CreatedOnToolsVersion = 14.2;
					};
				};
			};
			buildConfigurationList = 53A139AD298158FA00176AAE /* Build configuration list for PBXProject "Photosphere" */;
			compatibilityVersion = "Xcode 14.0";
			developmentRegion = en;
			hasScannedForEncodings = 0;
			knownRegions = (
				en,
				Base,
			);
			mainGroup = 53A139A9298158FA00176AAE;
			packageReferences = (
				53B5096B298171F10059559E /* XCRemoteSwiftPackageReference "IQKeyboardManager" */,
				53B5097429817BA30059559E /* XCRemoteSwiftPackageReference "Alamofire" */,
				53B5097D29818D0F0059559E /* XCRemoteSwiftPackageReference "Kingfisher" */,
			);
			productRefGroup = 53A139B3298158FA00176AAE /* Products */;
			projectDirPath = "";
			projectRoot = "";
			targets = (
				53A139B1298158FA00176AAE /* Photosphere */,
			);
		};
/* End PBXProject section */

/* Begin PBXResourcesBuildPhase section */
		53A139B0298158FA00176AAE /* Resources */ = {
			isa = PBXResourcesBuildPhase;
			buildActionMask = 2147483647;
			files = (
				53D1634B2A01A24000CF530A /* CategoryCell.xib in Resources */,
				53A139C2298158FB00176AAE /* LaunchScreen.storyboard in Resources */,
				53B5097C298189090059559E /* ImageCell.xib in Resources */,
				53A139BF298158FB00176AAE /* Assets.xcassets in Resources */,
				53F16E762A00330400BA2987 /* Main.storyboard in Resources */,
			);
			runOnlyForDeploymentPostprocessing = 0;
		};
/* End PBXResourcesBuildPhase section */

/* Begin PBXSourcesBuildPhase section */
		53A139AE298158FA00176AAE /* Sources */ = {
			isa = PBXSourcesBuildPhase;
			buildActionMask = 2147483647;
			files = (
				53D163432A004FE800CF530A /* CollectionsViewController.swift in Sources */,
				53D163412A003A7400CF530A /* SearchModel.swift in Sources */,
				5383C6C32A05572F0002AF76 /* CategoryViewController.swift in Sources */,
				53B50971298175030059559E /* Post.swift in Sources */,
				53A139BA298158FA00176AAE /* MainViewController.swift in Sources */,
				53A139B6298158FA00176AAE /* AppDelegate.swift in Sources */,
				53B50973298175C50059559E /* Api.swift in Sources */,
				530D4B0F2983D4A500A69FD7 /* WallpaperDetailsViewController.swift in Sources */,
				53A139B8298158FA00176AAE /* SceneDelegate.swift in Sources */,
				53F16E752A00303900BA2987 /* SearchViewController.swift in Sources */,
				53F432282A09741C0001063C /* FavoritesViewController.swift in Sources */,
				53B5097B298189090059559E /* ImageCell.swift in Sources */,
				531ECBC429FFDB05004133D2 /* ApiManager.swift in Sources */,
				531ECBC629FFDEBC004133D2 /* PhotoModel.swift in Sources */,
				5357C3832983F4250090FA44 /* Constants.swift in Sources */,
				53D1634D2A01A8AA00CF530A /* CategoryModel.swift in Sources */,
				5357C386298411170090FA44 /* Extentions.swift in Sources */,
				53D1634A2A01A24000CF530A /* CategoryCell.swift in Sources */,
			);
			runOnlyForDeploymentPostprocessing = 0;
		};
/* End PBXSourcesBuildPhase section */

/* Begin PBXVariantGroup section */
		53A139BB298158FA00176AAE /* Main.storyboard */ = {
			isa = PBXVariantGroup;
			children = (
				53A139BC298158FA00176AAE /* Base */,
			);
			name = Main.storyboard;
			sourceTree = "<group>";
		};
		53A139C0298158FB00176AAE /* LaunchScreen.storyboard */ = {
			isa = PBXVariantGroup;
			children = (
				53A139C1298158FB00176AAE /* Base */,
			);
			name = LaunchScreen.storyboard;
			sourceTree = "<group>";
		};
/* End PBXVariantGroup section */

/* Begin XCBuildConfiguration section */
		53A139C4298158FB00176AAE /* Debug */ = {
			isa = XCBuildConfiguration;
			buildSettings = {
				ALWAYS_SEARCH_USER_PATHS = NO;
				CLANG_ANALYZER_NONNULL = YES;
				CLANG_ANALYZER_NUMBER_OBJECT_CONVERSION = YES_AGGRESSIVE;
				CLANG_CXX_LANGUAGE_STANDARD = "gnu++20";
				CLANG_ENABLE_MODULES = YES;
				CLANG_ENABLE_OBJC_ARC = YES;
				CLANG_ENABLE_OBJC_WEAK = YES;
				CLANG_WARN_BLOCK_CAPTURE_AUTORELEASING = YES;
				CLANG_WARN_BOOL_CONVERSION = YES;
				CLANG_WARN_COMMA = YES;
				CLANG_WARN_CONSTANT_CONVERSION = YES;
				CLANG_WARN_DEPRECATED_OBJC_IMPLEMENTATIONS = YES;
				CLANG_WARN_DIRECT_OBJC_ISA_USAGE = YES_ERROR;
				CLANG_WARN_DOCUMENTATION_COMMENTS = YES;
				CLANG_WARN_EMPTY_BODY = YES;
				CLANG_WARN_ENUM_CONVERSION = YES;
				CLANG_WARN_INFINITE_RECURSION = YES;
				CLANG_WARN_INT_CONVERSION = YES;
				CLANG_WARN_NON_LITERAL_NULL_CONVERSION = YES;
				CLANG_WARN_OBJC_IMPLICIT_RETAIN_SELF = YES;
				CLANG_WARN_OBJC_LITERAL_CONVERSION = YES;
				CLANG_WARN_OBJC_ROOT_CLASS = YES_ERROR;
				CLANG_WARN_QUOTED_INCLUDE_IN_FRAMEWORK_HEADER = YES;
				CLANG_WARN_RANGE_LOOP_ANALYSIS = YES;
				CLANG_WARN_STRICT_PROTOTYPES = YES;
				CLANG_WARN_SUSPICIOUS_MOVE = YES;
				CLANG_WARN_UNGUARDED_AVAILABILITY = YES_AGGRESSIVE;
				CLANG_WARN_UNREACHABLE_CODE = YES;
				CLANG_WARN__DUPLICATE_METHOD_MATCH = YES;
				COPY_PHASE_STRIP = NO;
				DEBUG_INFORMATION_FORMAT = dwarf;
				ENABLE_STRICT_OBJC_MSGSEND = YES;
				ENABLE_TESTABILITY = YES;
				GCC_C_LANGUAGE_STANDARD = gnu11;
				GCC_DYNAMIC_NO_PIC = NO;
				GCC_NO_COMMON_BLOCKS = YES;
				GCC_OPTIMIZATION_LEVEL = 0;
				GCC_PREPROCESSOR_DEFINITIONS = (
					"DEBUG=1",
					"$(inherited)",
				);
				GCC_WARN_64_TO_32_BIT_CONVERSION = YES;
				GCC_WARN_ABOUT_RETURN_TYPE = YES_ERROR;
				GCC_WARN_UNDECLARED_SELECTOR = YES;
				GCC_WARN_UNINITIALIZED_AUTOS = YES_AGGRESSIVE;
				GCC_WARN_UNUSED_FUNCTION = YES;
				GCC_WARN_UNUSED_VARIABLE = YES;
				IPHONEOS_DEPLOYMENT_TARGET = 16.2;
				MTL_ENABLE_DEBUG_INFO = INCLUDE_SOURCE;
				MTL_FAST_MATH = YES;
				ONLY_ACTIVE_ARCH = YES;
				SDKROOT = iphoneos;
				SWIFT_ACTIVE_COMPILATION_CONDITIONS = DEBUG;
				SWIFT_OPTIMIZATION_LEVEL = "-Onone";
			};
			name = Debug;
		};
		53A139C5298158FB00176AAE /* Release */ = {
			isa = XCBuildConfiguration;
			buildSettings = {
				ALWAYS_SEARCH_USER_PATHS = NO;
				CLANG_ANALYZER_NONNULL = YES;
				CLANG_ANALYZER_NUMBER_OBJECT_CONVERSION = YES_AGGRESSIVE;
				CLANG_CXX_LANGUAGE_STANDARD = "gnu++20";
				CLANG_ENABLE_MODULES = YES;
				CLANG_ENABLE_OBJC_ARC = YES;
				CLANG_ENABLE_OBJC_WEAK = YES;
				CLANG_WARN_BLOCK_CAPTURE_AUTORELEASING = YES;
				CLANG_WARN_BOOL_CONVERSION = YES;
				CLANG_WARN_COMMA = YES;
				CLANG_WARN_CONSTANT_CONVERSION = YES;
				CLANG_WARN_DEPRECATED_OBJC_IMPLEMENTATIONS = YES;
				CLANG_WARN_DIRECT_OBJC_ISA_USAGE = YES_ERROR;
				CLANG_WARN_DOCUMENTATION_COMMENTS = YES;
				CLANG_WARN_EMPTY_BODY = YES;
				CLANG_WARN_ENUM_CONVERSION = YES;
				CLANG_WARN_INFINITE_RECURSION = YES;
				CLANG_WARN_INT_CONVERSION = YES;
				CLANG_WARN_NON_LITERAL_NULL_CONVERSION = YES;
				CLANG_WARN_OBJC_IMPLICIT_RETAIN_SELF = YES;
				CLANG_WARN_OBJC_LITERAL_CONVERSION = YES;
				CLANG_WARN_OBJC_ROOT_CLASS = YES_ERROR;
				CLANG_WARN_QUOTED_INCLUDE_IN_FRAMEWORK_HEADER = YES;
				CLANG_WARN_RANGE_LOOP_ANALYSIS = YES;
				CLANG_WARN_STRICT_PROTOTYPES = YES;
				CLANG_WARN_SUSPICIOUS_MOVE = YES;
				CLANG_WARN_UNGUARDED_AVAILABILITY = YES_AGGRESSIVE;
				CLANG_WARN_UNREACHABLE_CODE = YES;
				CLANG_WARN__DUPLICATE_METHOD_MATCH = YES;
				COPY_PHASE_STRIP = NO;
				DEBUG_INFORMATION_FORMAT = "dwarf-with-dsym";
				ENABLE_NS_ASSERTIONS = NO;
				ENABLE_STRICT_OBJC_MSGSEND = YES;
				GCC_C_LANGUAGE_STANDARD = gnu11;
				GCC_NO_COMMON_BLOCKS = YES;
				GCC_WARN_64_TO_32_BIT_CONVERSION = YES;
				GCC_WARN_ABOUT_RETURN_TYPE = YES_ERROR;
				GCC_WARN_UNDECLARED_SELECTOR = YES;
				GCC_WARN_UNINITIALIZED_AUTOS = YES_AGGRESSIVE;
				GCC_WARN_UNUSED_FUNCTION = YES;
				GCC_WARN_UNUSED_VARIABLE = YES;
				IPHONEOS_DEPLOYMENT_TARGET = 16.2;
				MTL_ENABLE_DEBUG_INFO = NO;
				MTL_FAST_MATH = YES;
				SDKROOT = iphoneos;
				SWIFT_COMPILATION_MODE = wholemodule;
				SWIFT_OPTIMIZATION_LEVEL = "-O";
				VALIDATE_PRODUCT = YES;
			};
			name = Release;
		};
		53A139C7298158FB00176AAE /* Debug */ = {
			isa = XCBuildConfiguration;
			buildSettings = {
				ASSETCATALOG_COMPILER_APPICON_NAME = AppIcon;
				ASSETCATALOG_COMPILER_GLOBAL_ACCENT_COLOR_NAME = AccentColor;
				CODE_SIGN_STYLE = Automatic;
				CURRENT_PROJECT_VERSION = 1;
				DEVELOPMENT_TEAM = X6B352QQUD;
				GENERATE_INFOPLIST_FILE = YES;
				INFOPLIST_FILE = Photosphere/Info.plist;
				INFOPLIST_KEY_NSPhotoLibraryAddUsageDescription = "We want to access the library to save image";
				INFOPLIST_KEY_UIApplicationSupportsIndirectInputEvents = YES;
				INFOPLIST_KEY_UILaunchStoryboardName = LaunchScreen;
				INFOPLIST_KEY_UIMainStoryboardFile = Main;
				INFOPLIST_KEY_UIStatusBarStyle = "";
				INFOPLIST_KEY_UISupportedInterfaceOrientations_iPad = "UIInterfaceOrientationPortrait UIInterfaceOrientationPortraitUpsideDown UIInterfaceOrientationLandscapeLeft UIInterfaceOrientationLandscapeRight";
				INFOPLIST_KEY_UISupportedInterfaceOrientations_iPhone = "UIInterfaceOrientationPortrait UIInterfaceOrientationLandscapeLeft UIInterfaceOrientationLandscapeRight";
				LD_RUNPATH_SEARCH_PATHS = (
					"$(inherited)",
					"@executable_path/Frameworks",
				);
				MARKETING_VERSION = 1.0;
				PRODUCT_BUNDLE_IDENTIFIER = com.moaapps.Photosphere;
				PRODUCT_NAME = "$(TARGET_NAME)";
				SWIFT_EMIT_LOC_STRINGS = YES;
				SWIFT_VERSION = 5.0;
				TARGETED_DEVICE_FAMILY = "1,2";
			};
			name = Debug;
		};
		53A139C8298158FB00176AAE /* Release */ = {
			isa = XCBuildConfiguration;
			buildSettings = {
				ASSETCATALOG_COMPILER_APPICON_NAME = AppIcon;
				ASSETCATALOG_COMPILER_GLOBAL_ACCENT_COLOR_NAME = AccentColor;
				CODE_SIGN_STYLE = Automatic;
				CURRENT_PROJECT_VERSION = 1;
				DEVELOPMENT_TEAM = X6B352QQUD;
				GENERATE_INFOPLIST_FILE = YES;
				INFOPLIST_FILE = Photosphere/Info.plist;
				INFOPLIST_KEY_NSPhotoLibraryAddUsageDescription = "We want to access the library to save image";
				INFOPLIST_KEY_UIApplicationSupportsIndirectInputEvents = YES;
				INFOPLIST_KEY_UILaunchStoryboardName = LaunchScreen;
				INFOPLIST_KEY_UIMainStoryboardFile = Main;
				INFOPLIST_KEY_UIStatusBarStyle = "";
				INFOPLIST_KEY_UISupportedInterfaceOrientations_iPad = "UIInterfaceOrientationPortrait UIInterfaceOrientationPortraitUpsideDown UIInterfaceOrientationLandscapeLeft UIInterfaceOrientationLandscapeRight";
				INFOPLIST_KEY_UISupportedInterfaceOrientations_iPhone = "UIInterfaceOrientationPortrait UIInterfaceOrientationLandscapeLeft UIInterfaceOrientationLandscapeRight";
				LD_RUNPATH_SEARCH_PATHS = (
					"$(inherited)",
					"@executable_path/Frameworks",
				);
				MARKETING_VERSION = 1.0;
				PRODUCT_BUNDLE_IDENTIFIER = com.moaapps.Photosphere;
				PRODUCT_NAME = "$(TARGET_NAME)";
				SWIFT_EMIT_LOC_STRINGS = YES;
				SWIFT_VERSION = 5.0;
				TARGETED_DEVICE_FAMILY = "1,2";
			};
			name = Release;
		};
/* End XCBuildConfiguration section */

/* Begin XCConfigurationList section */
		53A139AD298158FA00176AAE /* Build configuration list for PBXProject "Photosphere" */ = {
			isa = XCConfigurationList;
			buildConfigurations = (
				53A139C4298158FB00176AAE /* Debug */,
				53A139C5298158FB00176AAE /* Release */,
			);
			defaultConfigurationIsVisible = 0;
			defaultConfigurationName = Release;
		};
		53A139C6298158FB00176AAE /* Build configuration list for PBXNativeTarget "Photosphere" */ = {
			isa = XCConfigurationList;
			buildConfigurations = (
				53A139C7298158FB00176AAE /* Debug */,
				53A139C8298158FB00176AAE /* Release */,
			);
			defaultConfigurationIsVisible = 0;
			defaultConfigurationName = Release;
		};
/* End XCConfigurationList section */

/* Begin XCRemoteSwiftPackageReference section */
		53B5096B298171F10059559E /* XCRemoteSwiftPackageReference "IQKeyboardManager" */ = {
			isa = XCRemoteSwiftPackageReference;
			repositoryURL = "https://github.com/hackiftekhar/IQKeyboardManager.git";
			requirement = {
				kind = exactVersion;
				version = 6.5.0;
			};
		};
		53B5097429817BA30059559E /* XCRemoteSwiftPackageReference "Alamofire" */ = {
			isa = XCRemoteSwiftPackageReference;
			repositoryURL = "https://github.com/Alamofire/Alamofire.git";
			requirement = {
				kind = upToNextMajorVersion;
				minimumVersion = 5.6.1;
			};
		};
		53B5097D29818D0F0059559E /* XCRemoteSwiftPackageReference "Kingfisher" */ = {
			isa = XCRemoteSwiftPackageReference;
			repositoryURL = "https://github.com/onevcat/Kingfisher.git";
			requirement = {
				kind = upToNextMajorVersion;
				minimumVersion = 7.5.0;
			};
		};
/* End XCRemoteSwiftPackageReference section */

/* Begin XCSwiftPackageProductDependency section */
		53B5096C298171F10059559E /* IQKeyboardManagerSwift */ = {
			isa = XCSwiftPackageProductDependency;
			package = 53B5096B298171F10059559E /* XCRemoteSwiftPackageReference "IQKeyboardManager" */;
			productName = IQKeyboardManagerSwift;
		};
		53B5097529817BA30059559E /* Alamofire */ = {
			isa = XCSwiftPackageProductDependency;
			package = 53B5097429817BA30059559E /* XCRemoteSwiftPackageReference "Alamofire" */;
			productName = Alamofire;
		};
		53B5097E29818D0F0059559E /* Kingfisher */ = {
			isa = XCSwiftPackageProductDependency;
			package = 53B5097D29818D0F0059559E /* XCRemoteSwiftPackageReference "Kingfisher" */;
			productName = Kingfisher;
		};
/* End XCSwiftPackageProductDependency section */
	};
	rootObject = 53A139AA298158FA00176AAE /* Project object */;
}
